// !$*UTF8*$!
{
	archiveVersion = 1;
	classes = {
	};
	objectVersion = 56;
	objects = {

/* Begin PBXBuildFile section */
		4BF100202B862E8E00AA7491 /* LearnAlertApp.swift in Sources */ = {isa = PBXBuildFile; fileRef = 4BF1001F2B862E8E00AA7491 /* LearnAlertApp.swift */; };
		4BF100222B862E8E00AA7491 /* ContentView.swift in Sources */ = {isa = PBXBuildFile; fileRef = 4BF100212B862E8E00AA7491 /* ContentView.swift */; };
		4BF100242B862E8F00AA7491 /* Assets.xcassets in Resources */ = {isa = PBXBuildFile; fileRef = 4BF100232B862E8F00AA7491 /* Assets.xcassets */; };
		4BF100282B862E8F00AA7491 /* Preview Assets.xcassets in Resources */ = {isa = PBXBuildFile; fileRef = 4BF100272B862E8F00AA7491 /* Preview Assets.xcassets */; };
		4BF100322B862E8F00AA7491 /* LearnAlertTests.swift in Sources */ = {isa = PBXBuildFile; fileRef = 4BF100312B862E8F00AA7491 /* LearnAlertTests.swift */; };
		4BF1003C2B862E8F00AA7491 /* LearnAlertUITests.swift in Sources */ = {isa = PBXBuildFile; fileRef = 4BF1003B2B862E8F00AA7491 /* LearnAlertUITests.swift */; };
		4BF1003E2B862E8F00AA7491 /* LearnAlertUITestsLaunchTests.swift in Sources */ = {isa = PBXBuildFile; fileRef = 4BF1003D2B862E8F00AA7491 /* LearnAlertUITestsLaunchTests.swift */; };
/* End PBXBuildFile section */

/* Begin PBXContainerItemProxy section */
		4BF1002E2B862E8F00AA7491 /* PBXContainerItemProxy */ = {
			isa = PBXContainerItemProxy;
			containerPortal = 4BF100142B862E8E00AA7491 /* Project object */;
			proxyType = 1;
			remoteGlobalIDString = 4BF1001B2B862E8E00AA7491;
			remoteInfo = LearnAlert;
		};
		4BF100382B862E8F00AA7491 /* PBXContainerItemProxy */ = {
			isa = PBXContainerItemProxy;
			containerPortal = 4BF100142B862E8E00AA7491 /* Project object */;
			proxyType = 1;
			remoteGlobalIDString = 4BF1001B2B862E8E00AA7491;
			remoteInfo = LearnAlert;
		};
/* End PBXContainerItemProxy section */

/* Begin PBXFileReference section */
		4BF1001C2B862E8E00AA7491 /* LearnAlert.app */ = {isa = PBXFileReference; explicitFileType = wrapper.application; includeInIndex = 0; path = LearnAlert.app; sourceTree = BUILT_PRODUCTS_DIR; };
		4BF1001F2B862E8E00AA7491 /* LearnAlertApp.swift */ = {isa = PBXFileReference; lastKnownFileType = sourcecode.swift; path = LearnAlertApp.swift; sourceTree = "<group>"; };
		4BF100212B862E8E00AA7491 /* ContentView.swift */ = {isa = PBXFileReference; lastKnownFileType = sourcecode.swift; path = ContentView.swift; sourceTree = "<group>"; };
		4BF100232B862E8F00AA7491 /* Assets.xcassets */ = {isa = PBXFileReference; lastKnownFileType = folder.assetcatalog; path = Assets.xcassets; sourceTree = "<group>"; };
		4BF100252B862E8F00AA7491 /* LearnAlert.entitlements */ = {isa = PBXFileReference; lastKnownFileType = text.plist.entitlements; path = LearnAlert.entitlements; sourceTree = "<group>"; };
		4BF100272B862E8F00AA7491 /* Preview Assets.xcassets */ = {isa = PBXFileReference; lastKnownFileType = folder.assetcatalog; path = "Preview Assets.xcassets"; sourceTree = "<group>"; };
		4BF1002D2B862E8F00AA7491 /* LearnAlertTests.xctest */ = {isa = PBXFileReference; explicitFileType = wrapper.cfbundle; includeInIndex = 0; path = LearnAlertTests.xctest; sourceTree = BUILT_PRODUCTS_DIR; };
		4BF100312B862E8F00AA7491 /* LearnAlertTests.swift */ = {isa = PBXFileReference; lastKnownFileType = sourcecode.swift; path = LearnAlertTests.swift; sourceTree = "<group>"; };
		4BF100372B862E8F00AA7491 /* LearnAlertUITests.xctest */ = {isa = PBXFileReference; explicitFileType = wrapper.cfbundle; includeInIndex = 0; path = LearnAlertUITests.xctest; sourceTree = BUILT_PRODUCTS_DIR; };
		4BF1003B2B862E8F00AA7491 /* LearnAlertUITests.swift */ = {isa = PBXFileReference; lastKnownFileType = sourcecode.swift; path = LearnAlertUITests.swift; sourceTree = "<group>"; };
		4BF1003D2B862E8F00AA7491 /* LearnAlertUITestsLaunchTests.swift */ = {isa = PBXFileReference; lastKnownFileType = sourcecode.swift; path = LearnAlertUITestsLaunchTests.swift; sourceTree = "<group>"; };
/* End PBXFileReference section */

/* Begin PBXFrameworksBuildPhase section */
		4BF100192B862E8E00AA7491 /* Frameworks */ = {
			isa = PBXFrameworksBuildPhase;
			buildActionMask = 2147483647;
			files = (
			);
			runOnlyForDeploymentPostprocessing = 0;
		};
		4BF1002A2B862E8F00AA7491 /* Frameworks */ = {
			isa = PBXFrameworksBuildPhase;
			buildActionMask = 2147483647;
			files = (
			);
			runOnlyForDeploymentPostprocessing = 0;
		};
		4BF100342B862E8F00AA7491 /* Frameworks */ = {
			isa = PBXFrameworksBuildPhase;
			buildActionMask = 2147483647;
			files = (
			);
			runOnlyForDeploymentPostprocessing = 0;
		};
/* End PBXFrameworksBuildPhase section */

/* Begin PBXGroup section */
		4BF100132B862E8E00AA7491 = {
			isa = PBXGroup;
			children = (
				4BF1001E2B862E8E00AA7491 /* LearnAlert */,
				4BF100302B862E8F00AA7491 /* LearnAlertTests */,
				4BF1003A2B862E8F00AA7491 /* LearnAlertUITests */,
				4BF1001D2B862E8E00AA7491 /* Products */,
			);
			sourceTree = "<group>";
		};
		4BF1001D2B862E8E00AA7491 /* Products */ = {
			isa = PBXGroup;
			children = (
				4BF1001C2B862E8E00AA7491 /* LearnAlert.app */,
				4BF1002D2B862E8F00AA7491 /* LearnAlertTests.xctest */,
				4BF100372B862E8F00AA7491 /* LearnAlertUITests.xctest */,
			);
			name = Products;
			sourceTree = "<group>";
		};
		4BF1001E2B862E8E00AA7491 /* LearnAlert */ = {
			isa = PBXGroup;
			children = (
				4BF1001F2B862E8E00AA7491 /* LearnAlertApp.swift */,
				4BF100212B862E8E00AA7491 /* ContentView.swift */,
				4BF100232B862E8F00AA7491 /* Assets.xcassets */,
				4BF100252B862E8F00AA7491 /* LearnAlert.entitlements */,
				4BF100262B862E8F00AA7491 /* Preview Content */,
			);
			path = LearnAlert;
			sourceTree = "<group>";
		};
		4BF100262B862E8F00AA7491 /* Preview Content */ = {
			isa = PBXGroup;
			children = (
				4BF100272B862E8F00AA7491 /* Preview Assets.xcassets */,
			);
			path = "Preview Content";
			sourceTree = "<group>";
		};
		4BF100302B862E8F00AA7491 /* LearnAlertTests */ = {
			isa = PBXGroup;
			children = (
				4BF100312B862E8F00AA7491 /* LearnAlertTests.swift */,
			);
			path = LearnAlertTests;
			sourceTree = "<group>";
		};
		4BF1003A2B862E8F00AA7491 /* LearnAlertUITests */ = {
			isa = PBXGroup;
			children = (
				4BF1003B2B862E8F00AA7491 /* LearnAlertUITests.swift */,
				4BF1003D2B862E8F00AA7491 /* LearnAlertUITestsLaunchTests.swift */,
			);
			path = LearnAlertUITests;
			sourceTree = "<group>";
		};
/* End PBXGroup section */

/* Begin PBXNativeTarget section */
		4BF1001B2B862E8E00AA7491 /* LearnAlert */ = {
			isa = PBXNativeTarget;
			buildConfigurationList = 4BF100412B862E8F00AA7491 /* Build configuration list for PBXNativeTarget "LearnAlert" */;
			buildPhases = (
				4BF100182B862E8E00AA7491 /* Sources */,
				4BF100192B862E8E00AA7491 /* Frameworks */,
				4BF1001A2B862E8E00AA7491 /* Resources */,
			);
			buildRules = (
			);
			dependencies = (
			);
			name = LearnAlert;
			productName = LearnAlert;
			productReference = 4BF1001C2B862E8E00AA7491 /* LearnAlert.app */;
			productType = "com.apple.product-type.application";
		};
		4BF1002C2B862E8F00AA7491 /* LearnAlertTests */ = {
			isa = PBXNativeTarget;
			buildConfigurationList = 4BF100442B862E8F00AA7491 /* Build configuration list for PBXNativeTarget "LearnAlertTests" */;
			buildPhases = (
				4BF100292B862E8F00AA7491 /* Sources */,
				4BF1002A2B862E8F00AA7491 /* Frameworks */,
				4BF1002B2B862E8F00AA7491 /* Resources */,
			);
			buildRules = (
			);
			dependencies = (
				4BF1002F2B862E8F00AA7491 /* PBXTargetDependency */,
			);
			name = LearnAlertTests;
			productName = LearnAlertTests;
			productReference = 4BF1002D2B862E8F00AA7491 /* LearnAlertTests.xctest */;
			productType = "com.apple.product-type.bundle.unit-test";
		};
		4BF100362B862E8F00AA7491 /* LearnAlertUITests */ = {
			isa = PBXNativeTarget;
			buildConfigurationList = 4BF100472B862E8F00AA7491 /* Build configuration list for PBXNativeTarget "LearnAlertUITests" */;
			buildPhases = (
				4BF100332B862E8F00AA7491 /* Sources */,
				4BF100342B862E8F00AA7491 /* Frameworks */,
				4BF100352B862E8F00AA7491 /* Resources */,
			);
			buildRules = (
			);
			dependencies = (
				4BF100392B862E8F00AA7491 /* PBXTargetDependency */,
			);
			name = LearnAlertUITests;
			productName = LearnAlertUITests;
			productReference = 4BF100372B862E8F00AA7491 /* LearnAlertUITests.xctest */;
			productType = "com.apple.product-type.bundle.ui-testing";
		};
/* End PBXNativeTarget section */

/* Begin PBXProject section */
		4BF100142B862E8E00AA7491 /* Project object */ = {
			isa = PBXProject;
			attributes = {
				BuildIndependentTargetsInParallel = 1;
				LastSwiftUpdateCheck = 1520;
				LastUpgradeCheck = 1520;
				TargetAttributes = {
					4BF1001B2B862E8E00AA7491 = {
						CreatedOnToolsVersion = 15.2;
					};
					4BF1002C2B862E8F00AA7491 = {
						CreatedOnToolsVersion = 15.2;
						TestTargetID = 4BF1001B2B862E8E00AA7491;
					};
					4BF100362B862E8F00AA7491 = {
						CreatedOnToolsVersion = 15.2;
						TestTargetID = 4BF1001B2B862E8E00AA7491;
					};
				};
			};
			buildConfigurationList = 4BF100172B862E8E00AA7491 /* Build configuration list for PBXProject "LearnAlert" */;
			compatibilityVersion = "Xcode 14.0";
			developmentRegion = en;
			hasScannedForEncodings = 0;
			knownRegions = (
				en,
				Base,
			);
			mainGroup = 4BF100132B862E8E00AA7491;
			productRefGroup = 4BF1001D2B862E8E00AA7491 /* Products */;
			projectDirPath = "";
			projectRoot = "";
			targets = (
				4BF1001B2B862E8E00AA7491 /* LearnAlert */,
				4BF1002C2B862E8F00AA7491 /* LearnAlertTests */,
				4BF100362B862E8F00AA7491 /* LearnAlertUITests */,
			);
		};
/* End PBXProject section */

/* Begin PBXResourcesBuildPhase section */
		4BF1001A2B862E8E00AA7491 /* Resources */ = {
			isa = PBXResourcesBuildPhase;
			buildActionMask = 2147483647;
			files = (
				4BF100282B862E8F00AA7491 /* Preview Assets.xcassets in Resources */,
				4BF100242B862E8F00AA7491 /* Assets.xcassets in Resources */,
			);
			runOnlyForDeploymentPostprocessing = 0;
		};
		4BF1002B2B862E8F00AA7491 /* Resources */ = {
			isa = PBXResourcesBuildPhase;
			buildActionMask = 2147483647;
			files = (
			);
			runOnlyForDeploymentPostprocessing = 0;
		};
		4BF100352B862E8F00AA7491 /* Resources */ = {
			isa = PBXResourcesBuildPhase;
			buildActionMask = 2147483647;
			files = (
			);
			runOnlyForDeploymentPostprocessing = 0;
		};
/* End PBXResourcesBuildPhase section */

/* Begin PBXSourcesBuildPhase section */
		4BF100182B862E8E00AA7491 /* Sources */ = {
			isa = PBXSourcesBuildPhase;
			buildActionMask = 2147483647;
			files = (
				4BF100222B862E8E00AA7491 /* ContentView.swift in Sources */,
				4BF100202B862E8E00AA7491 /* LearnAlertApp.swift in Sources */,
			);
			runOnlyForDeploymentPostprocessing = 0;
		};
		4BF100292B862E8F00AA7491 /* Sources */ = {
			isa = PBXSourcesBuildPhase;
			buildActionMask = 2147483647;
			files = (
				4BF100322B862E8F00AA7491 /* LearnAlertTests.swift in Sources */,
			);
			runOnlyForDeploymentPostprocessing = 0;
		};
		4BF100332B862E8F00AA7491 /* Sources */ = {
			isa = PBXSourcesBuildPhase;
			buildActionMask = 2147483647;
			files = (
				4BF1003E2B862E8F00AA7491 /* LearnAlertUITestsLaunchTests.swift in Sources */,
				4BF1003C2B862E8F00AA7491 /* LearnAlertUITests.swift in Sources */,
			);
			runOnlyForDeploymentPostprocessing = 0;
		};
/* End PBXSourcesBuildPhase section */

/* Begin PBXTargetDependency section */
		4BF1002F2B862E8F00AA7491 /* PBXTargetDependency */ = {
			isa = PBXTargetDependency;
			target = 4BF1001B2B862E8E00AA7491 /* LearnAlert */;
			targetProxy = 4BF1002E2B862E8F00AA7491 /* PBXContainerItemProxy */;
		};
		4BF100392B862E8F00AA7491 /* PBXTargetDependency */ = {
			isa = PBXTargetDependency;
			target = 4BF1001B2B862E8E00AA7491 /* LearnAlert */;
			targetProxy = 4BF100382B862E8F00AA7491 /* PBXContainerItemProxy */;
		};
/* End PBXTargetDependency section */

/* Begin XCBuildConfiguration section */
		4BF1003F2B862E8F00AA7491 /* Debug */ = {
			isa = XCBuildConfiguration;
			buildSettings = {
				ALWAYS_SEARCH_USER_PATHS = NO;
				ASSETCATALOG_COMPILER_GENERATE_SWIFT_ASSET_SYMBOL_EXTENSIONS = YES;
				CLANG_ANALYZER_NONNULL = YES;
				CLANG_ANALYZER_NUMBER_OBJECT_CONVERSION = YES_AGGRESSIVE;
				CLANG_CXX_LANGUAGE_STANDARD = "gnu++20";
				CLANG_ENABLE_MODULES = YES;
				CLANG_ENABLE_OBJC_ARC = YES;
				CLANG_ENABLE_OBJC_WEAK = YES;
				CLANG_WARN_BLOCK_CAPTURE_AUTORELEASING = YES;
				CLANG_WARN_BOOL_CONVERSION = YES;
				CLANG_WARN_COMMA = YES;
				CLANG_WARN_CONSTANT_CONVERSION = YES;
				CLANG_WARN_DEPRECATED_OBJC_IMPLEMENTATIONS = YES;
				CLANG_WARN_DIRECT_OBJC_ISA_USAGE = YES_ERROR;
				CLANG_WARN_DOCUMENTATION_COMMENTS = YES;
				CLANG_WARN_EMPTY_BODY = YES;
				CLANG_WARN_ENUM_CONVERSION = YES;
				CLANG_WARN_INFINITE_RECURSION = YES;
				CLANG_WARN_INT_CONVERSION = YES;
				CLANG_WARN_NON_LITERAL_NULL_CONVERSION = YES;
				CLANG_WARN_OBJC_IMPLICIT_RETAIN_SELF = YES;
				CLANG_WARN_OBJC_LITERAL_CONVERSION = YES;
				CLANG_WARN_OBJC_ROOT_CLASS = YES_ERROR;
				CLANG_WARN_QUOTED_INCLUDE_IN_FRAMEWORK_HEADER = YES;
				CLANG_WARN_RANGE_LOOP_ANALYSIS = YES;
				CLANG_WARN_STRICT_PROTOTYPES = YES;
				CLANG_WARN_SUSPICIOUS_MOVE = YES;
				CLANG_WARN_UNGUARDED_AVAILABILITY = YES_AGGRESSIVE;
				CLANG_WARN_UNREACHABLE_CODE = YES;
				CLANG_WARN__DUPLICATE_METHOD_MATCH = YES;
				COPY_PHASE_STRIP = NO;
				DEBUG_INFORMATION_FORMAT = dwarf;
				ENABLE_STRICT_OBJC_MSGSEND = YES;
				ENABLE_TESTABILITY = YES;
				ENABLE_USER_SCRIPT_SANDBOXING = YES;
				GCC_C_LANGUAGE_STANDARD = gnu17;
				GCC_DYNAMIC_NO_PIC = NO;
				GCC_NO_COMMON_BLOCKS = YES;
				GCC_OPTIMIZATION_LEVEL = 0;
				GCC_PREPROCESSOR_DEFINITIONS = (
					"DEBUG=1",
					"$(inherited)",
				);
				GCC_WARN_64_TO_32_BIT_CONVERSION = YES;
				GCC_WARN_ABOUT_RETURN_TYPE = YES_ERROR;
				GCC_WARN_UNDECLARED_SELECTOR = YES;
				GCC_WARN_UNINITIALIZED_AUTOS = YES_AGGRESSIVE;
				GCC_WARN_UNUSED_FUNCTION = YES;
				GCC_WARN_UNUSED_VARIABLE = YES;
				LOCALIZATION_PREFERS_STRING_CATALOGS = YES;
				MTL_ENABLE_DEBUG_INFO = INCLUDE_SOURCE;
				MTL_FAST_MATH = YES;
				ONLY_ACTIVE_ARCH = YES;
				SWIFT_ACTIVE_COMPILATION_CONDITIONS = "DEBUG $(inherited)";
				SWIFT_OPTIMIZATION_LEVEL = "-Onone";
			};
			name = Debug;
		};
		4BF100402B862E8F00AA7491 /* Release */ = {
			isa = XCBuildConfiguration;
			buildSettings = {
				ALWAYS_SEARCH_USER_PATHS = NO;
				ASSETCATALOG_COMPILER_GENERATE_SWIFT_ASSET_SYMBOL_EXTENSIONS = YES;
				CLANG_ANALYZER_NONNULL = YES;
				CLANG_ANALYZER_NUMBER_OBJECT_CONVERSION = YES_AGGRESSIVE;
				CLANG_CXX_LANGUAGE_STANDARD = "gnu++20";
				CLANG_ENABLE_MODULES = YES;
				CLANG_ENABLE_OBJC_ARC = YES;
				CLANG_ENABLE_OBJC_WEAK = YES;
				CLANG_WARN_BLOCK_CAPTURE_AUTORELEASING = YES;
				CLANG_WARN_BOOL_CONVERSION = YES;
				CLANG_WARN_COMMA = YES;
				CLANG_WARN_CONSTANT_CONVERSION = YES;
				CLANG_WARN_DEPRECATED_OBJC_IMPLEMENTATIONS = YES;
				CLANG_WARN_DIRECT_OBJC_ISA_USAGE = YES_ERROR;
				CLANG_WARN_DOCUMENTATION_COMMENTS = YES;
				CLANG_WARN_EMPTY_BODY = YES;
				CLANG_WARN_ENUM_CONVERSION = YES;
				CLANG_WARN_INFINITE_RECURSION = YES;
				CLANG_WARN_INT_CONVERSION = YES;
				CLANG_WARN_NON_LITERAL_NULL_CONVERSION = YES;
				CLANG_WARN_OBJC_IMPLICIT_RETAIN_SELF = YES;
				CLANG_WARN_OBJC_LITERAL_CONVERSION = YES;
				CLANG_WARN_OBJC_ROOT_CLASS = YES_ERROR;
				CLANG_WARN_QUOTED_INCLUDE_IN_FRAMEWORK_HEADER = YES;
				CLANG_WARN_RANGE_LOOP_ANALYSIS = YES;
				CLANG_WARN_STRICT_PROTOTYPES = YES;
				CLANG_WARN_SUSPICIOUS_MOVE = YES;
				CLANG_WARN_UNGUARDED_AVAILABILITY = YES_AGGRESSIVE;
				CLANG_WARN_UNREACHABLE_CODE = YES;
				CLANG_WARN__DUPLICATE_METHOD_MATCH = YES;
				COPY_PHASE_STRIP = NO;
				DEBUG_INFORMATION_FORMAT = "dwarf-with-dsym";
				ENABLE_NS_ASSERTIONS = NO;
				ENABLE_STRICT_OBJC_MSGSEND = YES;
				ENABLE_USER_SCRIPT_SANDBOXING = YES;
				GCC_C_LANGUAGE_STANDARD = gnu17;
				GCC_NO_COMMON_BLOCKS = YES;
				GCC_WARN_64_TO_32_BIT_CONVERSION = YES;
				GCC_WARN_ABOUT_RETURN_TYPE = YES_ERROR;
				GCC_WARN_UNDECLARED_SELECTOR = YES;
				GCC_WARN_UNINITIALIZED_AUTOS = YES_AGGRESSIVE;
				GCC_WARN_UNUSED_FUNCTION = YES;
				GCC_WARN_UNUSED_VARIABLE = YES;
				LOCALIZATION_PREFERS_STRING_CATALOGS = YES;
				MTL_ENABLE_DEBUG_INFO = NO;
				MTL_FAST_MATH = YES;
				SWIFT_COMPILATION_MODE = wholemodule;
			};
			name = Release;
		};
		4BF100422B862E8F00AA7491 /* Debug */ = {
			isa = XCBuildConfiguration;
			buildSettings = {
				ASSETCATALOG_COMPILER_APPICON_NAME = AppIcon;
				ASSETCATALOG_COMPILER_GLOBAL_ACCENT_COLOR_NAME = AccentColor;
				CODE_SIGN_ENTITLEMENTS = LearnAlert/LearnAlert.entitlements;
				CODE_SIGN_STYLE = Automatic;
				CURRENT_PROJECT_VERSION = 1;
				DEVELOPMENT_ASSET_PATHS = "\"LearnAlert/Preview Content\"";
				ENABLE_PREVIEWS = YES;
				GENERATE_INFOPLIST_FILE = YES;
				"INFOPLIST_KEY_UIApplicationSceneManifest_Generation[sdk=iphoneos*]" = YES;
				"INFOPLIST_KEY_UIApplicationSceneManifest_Generation[sdk=iphonesimulator*]" = YES;
				"INFOPLIST_KEY_UIApplicationSupportsIndirectInputEvents[sdk=iphoneos*]" = YES;
				"INFOPLIST_KEY_UIApplicationSupportsIndirectInputEvents[sdk=iphonesimulator*]" = YES;
				"INFOPLIST_KEY_UILaunchScreen_Generation[sdk=iphoneos*]" = YES;
				"INFOPLIST_KEY_UILaunchScreen_Generation[sdk=iphonesimulator*]" = YES;
				"INFOPLIST_KEY_UIStatusBarStyle[sdk=iphoneos*]" = UIStatusBarStyleDefault;
				"INFOPLIST_KEY_UIStatusBarStyle[sdk=iphonesimulator*]" = UIStatusBarStyleDefault;
				INFOPLIST_KEY_UISupportedInterfaceOrientations_iPad = "UIInterfaceOrientationPortrait UIInterfaceOrientationPortraitUpsideDown UIInterfaceOrientationLandscapeLeft UIInterfaceOrientationLandscapeRight";
				INFOPLIST_KEY_UISupportedInterfaceOrientations_iPhone = "UIInterfaceOrientationPortrait UIInterfaceOrientationLandscapeLeft UIInterfaceOrientationLandscapeRight";
				IPHONEOS_DEPLOYMENT_TARGET = 17.2;
				LD_RUNPATH_SEARCH_PATHS = "@executable_path/Frameworks";
				"LD_RUNPATH_SEARCH_PATHS[sdk=macosx*]" = "@executable_path/../Frameworks";
				MACOSX_DEPLOYMENT_TARGET = 14.2;
				MARKETING_VERSION = 1.0;
				PRODUCT_BUNDLE_IDENTIFIER = blake.LearnAlert;
				PRODUCT_NAME = "$(TARGET_NAME)";
				SDKROOT = auto;
				SUPPORTED_PLATFORMS = "iphoneos iphonesimulator macosx";
				SWIFT_EMIT_LOC_STRINGS = YES;
				SWIFT_VERSION = 5.0;
				TARGETED_DEVICE_FAMILY = "1,2";
			};
			name = Debug;
		};
		4BF100432B862E8F00AA7491 /* Release */ = {
			isa = XCBuildConfiguration;
			buildSettings = {
				ASSETCATALOG_COMPILER_APPICON_NAME = AppIcon;
				ASSETCATALOG_COMPILER_GLOBAL_ACCENT_COLOR_NAME = AccentColor;
				CODE_SIGN_ENTITLEMENTS = LearnAlert/LearnAlert.entitlements;
				CODE_SIGN_STYLE = Automatic;
				CURRENT_PROJECT_VERSION = 1;
				DEVELOPMENT_ASSET_PATHS = "\"LearnAlert/Preview Content\"";
				ENABLE_PREVIEWS = YES;
				GENERATE_INFOPLIST_FILE = YES;
				"INFOPLIST_KEY_UIApplicationSceneManifest_Generation[sdk=iphoneos*]" = YES;
				"INFOPLIST_KEY_UIApplicationSceneManifest_Generation[sdk=iphonesimulator*]" = YES;
				"INFOPLIST_KEY_UIApplicationSupportsIndirectInputEvents[sdk=iphoneos*]" = YES;
				"INFOPLIST_KEY_UIApplicationSupportsIndirectInputEvents[sdk=iphonesimulator*]" = YES;
				"INFOPLIST_KEY_UILaunchScreen_Generation[sdk=iphoneos*]" = YES;
				"INFOPLIST_KEY_UILaunchScreen_Generation[sdk=iphonesimulator*]" = YES;
				"INFOPLIST_KEY_UIStatusBarStyle[sdk=iphoneos*]" = UIStatusBarStyleDefault;
				"INFOPLIST_KEY_UIStatusBarStyle[sdk=iphonesimulator*]" = UIStatusBarStyleDefault;
				INFOPLIST_KEY_UISupportedInterfaceOrientations_iPad = "UIInterfaceOrientationPortrait UIInterfaceOrientationPortraitUpsideDown UIInterfaceOrientationLandscapeLeft UIInterfaceOrientationLandscapeRight";
				INFOPLIST_KEY_UISupportedInterfaceOrientations_iPhone = "UIInterfaceOrientationPortrait UIInterfaceOrientationLandscapeLeft UIInterfaceOrientationLandscapeRight";
				IPHONEOS_DEPLOYMENT_TARGET = 17.2;
				LD_RUNPATH_SEARCH_PATHS = "@executable_path/Frameworks";
				"LD_RUNPATH_SEARCH_PATHS[sdk=macosx*]" = "@executable_path/../Frameworks";
				MACOSX_DEPLOYMENT_TARGET = 14.2;
				MARKETING_VERSION = 1.0;
				PRODUCT_BUNDLE_IDENTIFIER = blake.LearnAlert;
				PRODUCT_NAME = "$(TARGET_NAME)";
				SDKROOT = auto;
				SUPPORTED_PLATFORMS = "iphoneos iphonesimulator macosx";
				SWIFT_EMIT_LOC_STRINGS = YES;
				SWIFT_VERSION = 5.0;
				TARGETED_DEVICE_FAMILY = "1,2";
			};
			name = Release;
		};
		4BF100452B862E8F00AA7491 /* Debug */ = {
			isa = XCBuildConfiguration;
			buildSettings = {
				ALWAYS_EMBED_SWIFT_STANDARD_LIBRARIES = YES;
				BUNDLE_LOADER = "$(TEST_HOST)";
				CODE_SIGN_STYLE = Automatic;
				CURRENT_PROJECT_VERSION = 1;
				GENERATE_INFOPLIST_FILE = YES;
				IPHONEOS_DEPLOYMENT_TARGET = 17.2;
				MACOSX_DEPLOYMENT_TARGET = 14.2;
				MARKETING_VERSION = 1.0;
				PRODUCT_BUNDLE_IDENTIFIER = blake.LearnAlertTests;
				PRODUCT_NAME = "$(TARGET_NAME)";
				SDKROOT = auto;
				SUPPORTED_PLATFORMS = "iphoneos iphonesimulator macosx";
				SWIFT_EMIT_LOC_STRINGS = NO;
				SWIFT_VERSION = 5.0;
				TARGETED_DEVICE_FAMILY = "1,2";
				TEST_HOST = "$(BUILT_PRODUCTS_DIR)/LearnAlert.app/$(BUNDLE_EXECUTABLE_FOLDER_PATH)/LearnAlert";
			};
			name = Debug;
		};
		4BF100462B862E8F00AA7491 /* Release */ = {
			isa = XCBuildConfiguration;
			buildSettings = {
				ALWAYS_EMBED_SWIFT_STANDARD_LIBRARIES = YES;
				BUNDLE_LOADER = "$(TEST_HOST)";
				CODE_SIGN_STYLE = Automatic;
				CURRENT_PROJECT_VERSION = 1;
				GENERATE_INFOPLIST_FILE = YES;
				IPHONEOS_DEPLOYMENT_TARGET = 17.2;
				MACOSX_DEPLOYMENT_TARGET = 14.2;
				MARKETING_VERSION = 1.0;
				PRODUCT_BUNDLE_IDENTIFIER = blake.LearnAlertTests;
				PRODUCT_NAME = "$(TARGET_NAME)";
				SDKROOT = auto;
				SUPPORTED_PLATFORMS = "iphoneos iphonesimulator macosx";
				SWIFT_EMIT_LOC_STRINGS = NO;
				SWIFT_VERSION = 5.0;
				TARGETED_DEVICE_FAMILY = "1,2";
				TEST_HOST = "$(BUILT_PRODUCTS_DIR)/LearnAlert.app/$(BUNDLE_EXECUTABLE_FOLDER_PATH)/LearnAlert";
			};
			name = Release;
		};
		4BF100482B862E8F00AA7491 /* Debug */ = {
			isa = XCBuildConfiguration;
			buildSettings = {
				ALWAYS_EMBED_SWIFT_STANDARD_LIBRARIES = YES;
				CODE_SIGN_STYLE = Automatic;
				CURRENT_PROJECT_VERSION = 1;
				GENERATE_INFOPLIST_FILE = YES;
				IPHONEOS_DEPLOYMENT_TARGET = 17.2;
				MACOSX_DEPLOYMENT_TARGET = 14.2;
				MARKETING_VERSION = 1.0;
				PRODUCT_BUNDLE_IDENTIFIER = blake.LearnAlertUITests;
				PRODUCT_NAME = "$(TARGET_NAME)";
				SDKROOT = auto;
				SUPPORTED_PLATFORMS = "iphoneos iphonesimulator macosx";
				SWIFT_EMIT_LOC_STRINGS = NO;
				SWIFT_VERSION = 5.0;
				TARGETED_DEVICE_FAMILY = "1,2";
				TEST_TARGET_NAME = LearnAlert;
			};
			name = Debug;
		};
		4BF100492B862E8F00AA7491 /* Release */ = {
			isa = XCBuildConfiguration;
			buildSettings = {
				ALWAYS_EMBED_SWIFT_STANDARD_LIBRARIES = YES;
				CODE_SIGN_STYLE = Automatic;
				CURRENT_PROJECT_VERSION = 1;
				GENERATE_INFOPLIST_FILE = YES;
				IPHONEOS_DEPLOYMENT_TARGET = 17.2;
				MACOSX_DEPLOYMENT_TARGET = 14.2;
				MARKETING_VERSION = 1.0;
				PRODUCT_BUNDLE_IDENTIFIER = blake.LearnAlertUITests;
				PRODUCT_NAME = "$(TARGET_NAME)";
				SDKROOT = auto;
				SUPPORTED_PLATFORMS = "iphoneos iphonesimulator macosx";
				SWIFT_EMIT_LOC_STRINGS = NO;
				SWIFT_VERSION = 5.0;
				TARGETED_DEVICE_FAMILY = "1,2";
				TEST_TARGET_NAME = LearnAlert;
			};
			name = Release;
		};
/* End XCBuildConfiguration section */

/* Begin XCConfigurationList section */
		4BF100172B862E8E00AA7491 /* Build configuration list for PBXProject "LearnAlert" */ = {
			isa = XCConfigurationList;
			buildConfigurations = (
				4BF1003F2B862E8F00AA7491 /* Debug */,
				4BF100402B862E8F00AA7491 /* Release */,
			);
			defaultConfigurationIsVisible = 0;
			defaultConfigurationName = Release;
		};
		4BF100412B862E8F00AA7491 /* Build configuration list for PBXNativeTarget "LearnAlert" */ = {
			isa = XCConfigurationList;
			buildConfigurations = (
				4BF100422B862E8F00AA7491 /* Debug */,
				4BF100432B862E8F00AA7491 /* Release */,
			);
			defaultConfigurationIsVisible = 0;
			defaultConfigurationName = Release;
		};
		4BF100442B862E8F00AA7491 /* Build configuration list for PBXNativeTarget "LearnAlertTests" */ = {
			isa = XCConfigurationList;
			buildConfigurations = (
				4BF100452B862E8F00AA7491 /* Debug */,
				4BF100462B862E8F00AA7491 /* Release */,
			);
			defaultConfigurationIsVisible = 0;
			defaultConfigurationName = Release;
		};
		4BF100472B862E8F00AA7491 /* Build configuration list for PBXNativeTarget "LearnAlertUITests" */ = {
			isa = XCConfigurationList;
			buildConfigurations = (
				4BF100482B862E8F00AA7491 /* Debug */,
				4BF100492B862E8F00AA7491 /* Release */,
			);
			defaultConfigurationIsVisible = 0;
			defaultConfigurationName = Release;
		};
/* End XCConfigurationList section */
	};
	rootObject = 4BF100142B862E8E00AA7491 /* Project object */;
}
